
Microsoft Visual Studio Solution File, Format Version 12.00
# Visual Studio Version 17
VisualStudioVersion = 17.8.34330.188
MinimumVisualStudioVersion = 10.0.40219.1
Project("{FAE04EC0-301F-11D3-BF4B-00C04F79EFBC}") = "Map_Gen_SND", "Map_Gen_SND\Map_Gen_SND.csproj", "{D3AC4FEB-C755-4FD7-A381-F9919488A73C}"
EndProject
Global
	GlobalSection(SolutionConfigurationPlatforms) = preSolution
		Debug|Any CPU = Debug|Any CPU
		Release|Any CPU = Release|Any CPU
	EndGlobalSection
	GlobalSection(ProjectConfigurationPlatforms) = postSolution
		{D3AC4FEB-C755-4FD7-A381-F9919488A73C}.Debug|Any CPU.ActiveCfg = Debug|Any CPU
		{D3AC4FEB-C755-4FD7-A381-F9919488A73C}.Debug|Any CPU.Build.0 = Debug|Any CPU
		{D3AC4FEB-C755-4FD7-A381-F9919488A73C}.Release|Any CPU.ActiveCfg = Release|Any CPU
		{D3AC4FEB-C755-4FD7-A381-F9919488A73C}.Release|Any CPU.Build.0 = Release|Any CPU
	EndGlobalSection
	GlobalSection(SolutionProperties) = preSolution
		HideSolutionNode = FALSE
	EndGlobalSection
	GlobalSection(ExtensibilityGlobals) = postSolution
		SolutionGuid = {77214304-C326-43D6-BF09-619F60F97006}
	EndGlobalSection
EndGlobal
